
Microsoft Visual Studio Solution File, Format Version 12.00
# Visual Studio 15
VisualStudioVersion = 15.0.27130.2027
MinimumVisualStudioVersion = 10.0.40219.1
Project("{FAE04EC0-301F-11D3-BF4B-00C04F79EFBC}") = "control", "control\control.csproj", "{52D4C106-373E-4611-AD22-93789E052FF0}"
EndProject
Global
	GlobalSection(SolutionConfigurationPlatforms) = preSolution
		Debug|Any CPU = Debug|Any CPU
		Release|Any CPU = Release|Any CPU
	EndGlobalSection
	GlobalSection(ProjectConfigurationPlatforms) = postSolution
		{52D4C106-373E-4611-AD22-93789E052FF0}.Debug|Any CPU.ActiveCfg = Debug|Any CPU
		{52D4C106-373E-4611-AD22-93789E052FF0}.Debug|Any CPU.Build.0 = Debug|Any CPU
		{52D4C106-373E-4611-AD22-93789E052FF0}.Release|Any CPU.ActiveCfg = Release|Any CPU
		{52D4C106-373E-4611-AD22-93789E052FF0}.Release|Any CPU.Build.0 = Release|Any CPU
	EndGlobalSection
	GlobalSection(SolutionProperties) = preSolution
		HideSolutionNode = FALSE
	EndGlobalSection
	GlobalSection(ExtensibilityGlobals) = postSolution
		SolutionGuid = {C889E104-4064-4B37-A9EB-2102ED8859F7}
	EndGlobalSection
EndGlobal
